# Immutable AutoJs6 Node plugin Runtime Kit distribution lock.
format=1
schema=autojs6-node-plugin-runtime-kit-lock-v1
kit.id=autojs6-node-plugin-runtime-kit-v1.3.0-node24_5
kit.version=1.3.0
file=node-plugin-runtime-kit.json
size=9527
sha256=ee7800f421ddfd9acf7be0f5c37f7fdb0057ad9c71ec7bd231e09a22c21e4b17
build.variant=release_universal
delivery=plugin_apk
apk.entry=assets/nodejs/node-plugin-runtime-kit.json
runtime.slot=node24_5
runtime.nodeVersion=24.5.0
contract.min=2
contract.max=2
contract.moduleSourceProvider=2
nodejs-api.coordinate=org.autojs.plugin.nodejs:nodejs-api:1.3.0
nodejs-api.version=1.3.0
nodejs-api.sha256=88d154e2dc80abbb3779d7fce85cf2ca2f0c802736d60a622d08e093310e8f03
nodejs-api.aidlTransactions.sha256=74c886570e635704bb10f9735ebba7838dd6e0a8df79641f4478320deb723084
catalog.version=1.3.0
catalog.sha256=78e573627e8a19e7dc511a4c8e527a564ecf7277d6389e08194963a597f1d0ab
payload.count=10
capabilities.mode=stable_default
reproducibility.artifact=pinned_upstream_binary
reproducibility.sourceBuild=bootstrap_only
upstream.url=https://github.com/degaso/nodejs-mobile/releases/download/v24.5.0-r1/nodejs-mobile-24.05-android.zip
upstream.sha256=02e541cc42e7b61bc4d514e4ef2354abb1d46bcf024dd58ce4fbf6b4cdc3a128
materialize.command=powershell -ExecutionPolicy Bypass -File tools/nodejs/runtime-build/build-node-runtime.ps1 -Execute
verify.command=.\gradlew.bat --offline :app:assembleRelease :nodejs-api:verifyNodeJsApiPublication
source.file=app/src/main/assets/nodejs/node-plugin-runtime-kit.json
source.owner=AutoJs6-Plugin-NodeJs-Runtime
source.repository=AutoJs6-Plugin-NodeJs-Runtime
source.gitBase=3f1b3b1e80eaaa43dbebc6cd403cdf62a1022e7a
source.sha256=ee7800f421ddfd9acf7be0f5c37f7fdb0057ad9c71ec7bd231e09a22c21e4b17
