# Immutable Node.js capability catalog distribution lock.
format=1
schema=autojs6-node-capability-catalog-lock-v1
catalog.version=1.4.0
file=node-capability-catalog.json
sha256=aad9903877f19cc5e87347e3226e44d30e4d2775d2f8600e9956095f4e80171b
source.file=app/src/main/assets/nodejs/node-capability-catalog.json
source.owner=AutoJs6-Plugin-NodeJs-Runtime
source.repository=AutoJs6-Plugin-NodeJs-Runtime
source.gitBase=2ad399cf837fb22a605a3a4532abbf32e7d85c12
source.sha256=aad9903877f19cc5e87347e3226e44d30e4d2775d2f8600e9956095f4e80171b
