# Immutable Node.js capability catalog distribution lock.
format=1
schema=autojs6-node-capability-catalog-lock-v1
catalog.version=1.4.0
file=node-capability-catalog.json
sha256=b7f632e5954b2f9194e2b767eda3efb270f0d4759bcf2b6e1ffde43c217aa598
source.file=app/src/main/assets/nodejs/node-capability-catalog.json
source.owner=AutoJs6-Plugin-NodeJs-Runtime
source.repository=AutoJs6-Plugin-NodeJs-Runtime
source.gitBase=cfeb1c2e16e18dce97b064624d3f1ba49da74be7
source.sha256=b7f632e5954b2f9194e2b767eda3efb270f0d4759bcf2b6e1ffde43c217aa598
