# Immutable Node.js capability catalog distribution lock.
format=1
schema=autojs6-node-capability-catalog-lock-v1
catalog.version=1.4.0
file=node-capability-catalog.json
sha256=0024041c9fe13dbdd1f355c6dd0829b7e644216ec445456d70fa1b2057bbfa9a
source.file=app/src/main/assets/nodejs/node-capability-catalog.json
source.owner=AutoJs6-Plugin-NodeJs-Runtime
source.repository=AutoJs6-Plugin-NodeJs-Runtime
source.gitBase=808171df8fa44b8bfaa5450d4bd53de3813d33d7
source.sha256=0024041c9fe13dbdd1f355c6dd0829b7e644216ec445456d70fa1b2057bbfa9a
