# Immutable AutoJs6 Node plugin Runtime Kit distribution lock.
format=1
schema=autojs6-node-plugin-runtime-kit-lock-v1
kit.id=autojs6-node-plugin-runtime-kit-v1.1.0-node24_5
kit.version=1.1.0
file=node-plugin-runtime-kit.json
size=9527
sha256=f5d92b1ac98e229d71f5cf2291e3e3222a324c3957c84f90d2b1f4288ccd4bd8
build.variant=release_universal
delivery=plugin_apk
apk.entry=assets/nodejs/node-plugin-runtime-kit.json
runtime.slot=node24_5
runtime.nodeVersion=24.5.0
contract.min=1
contract.max=1
contract.moduleSourceProvider=2
nodejs-api.coordinate=org.autojs.plugin.nodejs:nodejs-api:1.1.0
nodejs-api.version=1.1.0
nodejs-api.sha256=4b5eb13622137078641d7259b83189ae8ea618824c5974a5f13d77fa02e4a0dc
nodejs-api.aidlTransactions.sha256=74c886570e635704bb10f9735ebba7838dd6e0a8df79641f4478320deb723084
catalog.version=1.1.0
catalog.sha256=2738c69c158a48ed11f0430377247815d13c94d29ab218ba6eaed6eefb389254
payload.count=10
reproducibility.artifact=pinned_upstream_binary
reproducibility.sourceBuild=bootstrap_only
upstream.url=https://github.com/degaso/nodejs-mobile/releases/download/v24.5.0-r1/nodejs-mobile-24.05-android.zip
upstream.sha256=02e541cc42e7b61bc4d514e4ef2354abb1d46bcf024dd58ce4fbf6b4cdc3a128
materialize.command=powershell -ExecutionPolicy Bypass -File tools/nodejs/runtime-build/build-node-runtime.ps1 -Execute
verify.command=.\gradlew.bat :app:verifyNodePluginRuntimeKitGate
source.file=app/src/main/assets/nodejs/node-plugin-runtime-kit.json
source.owner=AutoJs6-Plugin-NodeJs-Runtime
source.repository=AutoJs6-Plugin-NodeJs-Runtime
source.gitBase=a904ee2011e93031db1178a0b2ff624b970e460f
source.sha256=f5d92b1ac98e229d71f5cf2291e3e3222a324c3957c84f90d2b1f4288ccd4bd8
