# Immutable Node.js capability catalog distribution lock.
format=1
schema=autojs6-node-capability-catalog-lock-v1
catalog.version=1.0.0
file=node-capability-catalog.json
sha256=6a9737ac8644f3e1a9c26dcc4244795d2fd22742c0bc6da577f1bca5ebd63c7f
source.file=app/src/main/assets/nodejs/node-capability-catalog.json
source.owner=AutoJs6-Plugin-NodeJs-Runtime
source.repository=AutoJs6-Plugin-NodeJs-Runtime
source.gitBase=a904ee2011e93031db1178a0b2ff624b970e460f
source.sha256=6a9737ac8644f3e1a9c26dcc4244795d2fd22742c0bc6da577f1bca5ebd63c7f
