# AutoJs6 Node plugin Runtime Kit distribution lock.
format=1
schema=autojs6-node-plugin-runtime-kit-lock-v1
kit.id=autojs6-node-plugin-runtime-kit-v1.4.0-node24_21
kit.version=1.4.0
file=node-plugin-runtime-kit.json
size=10339
sha256=aa9dce83f312940d896e5c28de0f10bfe5799b26c2fb4e9d8a8c0c10ed1b3775
build.variant=release_universal
delivery=plugin_apk
apk.entry=assets/nodejs/node-plugin-runtime-kit.json
runtime.slot=node24_21
runtime.nodeVersion=24.21.0
contract.min=2
contract.max=3
contract.moduleSourceProvider=2
nodejs-api.coordinate=org.autojs.plugin.nodejs:nodejs-api:1.5.0
nodejs-api.version=1.5.0
nodejs-api.sha256=8d85844e82466e9beed955d894852b6191dd414d8189bca40d09c6b163601464
nodejs-api.aidlTransactions.sha256=c781e229418850724100564332b83141e461259b1356bae5b100a01481ca7323
catalog.version=1.4.0
catalog.sha256=aad9903877f19cc5e87347e3226e44d30e4d2775d2f8600e9956095f4e80171b
payload.count=10
capabilities.mode=stable_default
reproducibility.artifact=source_build
reproducibility.sourceBuild=source_build_with_independent_maintenance_rebuilds
upstream.url=https://nodejs.org/dist/v24.21.0/node-v24.21.0.tar.xz
upstream.sha256=a6f54defb6fd7c84f41dba13d61e78e9b4e0961712cf61f29715c05f5ced94fc
materialize.command=python3 tools/nodejs/runtime-build/build-node-from-source.py --work-root <linux-build-dir> --source-dir <source-archive-dir> --run-id first
verify.command=.\gradlew.bat --offline :app:assembleRelease :nodejs-api:verifyNodeJsApiPublication
source.file=app/src/main/assets/nodejs/node-plugin-runtime-kit.json
source.owner=AutoJs6-Plugin-NodeJs-Runtime
source.repository=AutoJs6-Plugin-NodeJs-Runtime
source.gitBase=6c7cf7ee104d3ea57012d93ee3c812d5f8d32dca
source.sha256=aa9dce83f312940d896e5c28de0f10bfe5799b26c2fb4e9d8a8c0c10ed1b3775
