{
  "name": "@autojs6-fixture/npm-ci-pure-js",
  "version": "1.0.0",
  "lockfileVersion": 3,
  "requires": true,
  "packages": {
    "": {
      "name": "@autojs6-fixture/npm-ci-pure-js",
      "version": "1.0.0",
      "dependencies": {
        "left-pad-lite": "file:vendor/left-pad-lite",
        "slugify-lite": "file:vendor/slugify-lite"
      }
    },
    "node_modules/left-pad-lite": {
      "version": "1.0.0",
      "resolved": "file:vendor/left-pad-lite",
      "license": "MIT"
    },
    "node_modules/slugify-lite": {
      "version": "1.0.0",
      "resolved": "file:vendor/slugify-lite",
      "license": "MIT"
    }
  }
}
