# Immutable Node.js capability catalog distribution lock.
format=1
schema=autojs6-node-capability-catalog-lock-v1
catalog.version=1.1.0
file=node-capability-catalog.json
sha256=2738c69c158a48ed11f0430377247815d13c94d29ab218ba6eaed6eefb389254
source.file=app/src/main/assets/nodejs/node-capability-catalog.json
source.owner=AutoJs6-Plugin-NodeJs-Runtime
source.repository=AutoJs6-Plugin-NodeJs-Runtime
source.gitBase=a904ee2011e93031db1178a0b2ff624b970e460f
source.sha256=2738c69c158a48ed11f0430377247815d13c94d29ab218ba6eaed6eefb389254
