# Immutable AutoJs6 Node plugin Runtime Kit distribution lock.
format=1
schema=autojs6-node-plugin-runtime-kit-lock-v1
kit.id=autojs6-node-plugin-runtime-kit-v1.2.0-node24_5
kit.version=1.2.0
file=node-plugin-runtime-kit.json
size=9742
sha256=6a8ede125f2826ae0b295a8a1831b4400cda1894ac7c81bc3f798945676df6d1
build.variant=release_universal
delivery=plugin_apk
apk.entry=assets/nodejs/node-plugin-runtime-kit.json
runtime.slot=node24_5
runtime.nodeVersion=24.5.0
contract.min=2
contract.max=2
contract.moduleSourceProvider=2
nodejs-api.coordinate=org.autojs.plugin.nodejs:nodejs-api:1.2.0
nodejs-api.version=1.2.0
nodejs-api.sha256=66232504243f20cc8610e0b8f8f84047352bb0b97e5eb79df121a2956122c543
nodejs-api.aidlTransactions.sha256=74c886570e635704bb10f9735ebba7838dd6e0a8df79641f4478320deb723084
catalog.version=1.2.0
catalog.sha256=648d8504ce935abe2c5ca80f50fc41e32a99aeaaf897fc753e70d6fec66fc889
payload.count=10
capabilities.mode=stable_default
reproducibility.artifact=pinned_upstream_binary
reproducibility.sourceBuild=bootstrap_only
upstream.url=https://github.com/degaso/nodejs-mobile/releases/download/v24.5.0-r1/nodejs-mobile-24.05-android.zip
upstream.sha256=02e541cc42e7b61bc4d514e4ef2354abb1d46bcf024dd58ce4fbf6b4cdc3a128
materialize.command=powershell -ExecutionPolicy Bypass -File tools/nodejs/runtime-build/build-node-runtime.ps1 -Execute
verify.command=.\gradlew.bat :app:assembleRelease :nodejs-api:verifyNodeJsApiPublication
source.file=app/src/main/assets/nodejs/node-plugin-runtime-kit.json
source.owner=AutoJs6-Plugin-NodeJs-Runtime
source.repository=AutoJs6-Plugin-NodeJs-Runtime
source.gitBase=15eb115e607673583120f89e64436f31a412098a
source.sha256=6a8ede125f2826ae0b295a8a1831b4400cda1894ac7c81bc3f798945676df6d1
