# Immutable AutoJs6 Node plugin Runtime Kit distribution lock.
format=1
schema=autojs6-node-plugin-runtime-kit-lock-v1
kit.id=autojs6-node-plugin-runtime-kit-v1.0.1-node24_5
kit.version=1.0.1
file=node-plugin-runtime-kit.json
size=9208
sha256=3a3f85dba36938957b6a062964d5378123f26521cb8ab9e7f27922643ff5cbbc
build.variant=release_universal
delivery=plugin_apk
apk.entry=assets/nodejs/node-plugin-runtime-kit.json
runtime.slot=node24_5
runtime.nodeVersion=24.5.0
contract.min=1
contract.max=1
catalog.version=1.0.0
catalog.sha256=6a9737ac8644f3e1a9c26dcc4244795d2fd22742c0bc6da577f1bca5ebd63c7f
payload.count=10
reproducibility.artifact=pinned_upstream_binary
reproducibility.sourceBuild=bootstrap_only
upstream.url=https://github.com/degaso/nodejs-mobile/releases/download/v24.5.0-r1/nodejs-mobile-24.05-android.zip
upstream.sha256=02e541cc42e7b61bc4d514e4ef2354abb1d46bcf024dd58ce4fbf6b4cdc3a128
materialize.command=powershell -ExecutionPolicy Bypass -File tools/nodejs/runtime-build/build-node-runtime.ps1 -Execute
verify.command=.\gradlew.bat :app:verifyNodePluginRuntimeKitGate
source.file=app/src/main/assets/nodejs/node-plugin-runtime-kit.json
source.owner=AutoJs6-Plugin-NodeJs-Runtime
source.repository=AutoJs6-Plugin-NodeJs-Runtime
source.gitBase=a904ee2011e93031db1178a0b2ff624b970e460f
source.sha256=3a3f85dba36938957b6a062964d5378123f26521cb8ab9e7f27922643ff5cbbc
